// !$*UTF8*$!
{
	archiveVersion = 1;
	classes = {
	};
	objectVersion = 56;
	objects = {

/* Begin PBXBuildFile section */
		411BAD5029AF430E005FA121 /* AppDelegate.swift in Sources */ = {isa = PBXBuildFile; fileRef = 411BAD4F29AF430E005FA121 /* AppDelegate.swift */; };
		411BAD5229AF430E005FA121 /* SceneDelegate.swift in Sources */ = {isa = PBXBuildFile; fileRef = 411BAD5129AF430E005FA121 /* SceneDelegate.swift */; };
		411BAD5429AF430E005FA121 /* ViewController.swift in Sources */ = {isa = PBXBuildFile; fileRef = 411BAD5329AF430E005FA121 /* ViewController.swift */; };
		411BAD5729AF430E005FA121 /* Main.storyboard in Resources */ = {isa = PBXBuildFile; fileRef = 411BAD5529AF430E005FA121 /* Main.storyboard */; };
		411BAD5929AF4311005FA121 /* Assets.xcassets in Resources */ = {isa = PBXBuildFile; fileRef = 411BAD5829AF4311005FA121 /* Assets.xcassets */; };
		411BAD5C29AF4311005FA121 /* LaunchScreen.storyboard in Resources */ = {isa = PBXBuildFile; fileRef = 411BAD5A29AF4311005FA121 /* LaunchScreen.storyboard */; };
		416A39E629AF68C900BA079A /* ImageDownLoadStackView.swift in Sources */ = {isa = PBXBuildFile; fileRef = 416A39E529AF68C900BA079A /* ImageDownLoadStackView.swift */; };
		416A39EA29AF6A3D00BA079A /* ViewModel.swift in Sources */ = {isa = PBXBuildFile; fileRef = 416A39E929AF6A3D00BA079A /* ViewModel.swift */; };
/* End PBXBuildFile section */

/* Begin PBXFileReference section */
		411BAD4C29AF430E005FA121 /* WantedPreOnboardingIOSChallenge.app */ = {isa = PBXFileReference; explicitFileType = wrapper.application; includeInIndex = 0; path = WantedPreOnboardingIOSChallenge.app; sourceTree = BUILT_PRODUCTS_DIR; };
		411BAD4F29AF430E005FA121 /* AppDelegate.swift */ = {isa = PBXFileReference; lastKnownFileType = sourcecode.swift; path = AppDelegate.swift; sourceTree = "<group>"; };
		411BAD5129AF430E005FA121 /* SceneDelegate.swift */ = {isa = PBXFileReference; lastKnownFileType = sourcecode.swift; path = SceneDelegate.swift; sourceTree = "<group>"; };
		411BAD5329AF430E005FA121 /* ViewController.swift */ = {isa = PBXFileReference; lastKnownFileType = sourcecode.swift; path = ViewController.swift; sourceTree = "<group>"; };
		411BAD5629AF430E005FA121 /* Base */ = {isa = PBXFileReference; lastKnownFileType = file.storyboard; name = Base; path = Base.lproj/Main.storyboard; sourceTree = "<group>"; };
		411BAD5829AF4311005FA121 /* Assets.xcassets */ = {isa = PBXFileReference; lastKnownFileType = folder.assetcatalog; path = Assets.xcassets; sourceTree = "<group>"; };
		411BAD5B29AF4311005FA121 /* Base */ = {isa = PBXFileReference; lastKnownFileType = file.storyboard; name = Base; path = Base.lproj/LaunchScreen.storyboard; sourceTree = "<group>"; };
		411BAD5D29AF4311005FA121 /* Info.plist */ = {isa = PBXFileReference; lastKnownFileType = text.plist.xml; path = Info.plist; sourceTree = "<group>"; };
		416A39E529AF68C900BA079A /* ImageDownLoadStackView.swift */ = {isa = PBXFileReference; lastKnownFileType = sourcecode.swift; path = ImageDownLoadStackView.swift; sourceTree = "<group>"; };
		416A39E929AF6A3D00BA079A /* ViewModel.swift */ = {isa = PBXFileReference; lastKnownFileType = sourcecode.swift; path = ViewModel.swift; sourceTree = "<group>"; };
/* End PBXFileReference section */

/* Begin PBXFrameworksBuildPhase section */
		411BAD4929AF430E005FA121 /* Frameworks */ = {
			isa = PBXFrameworksBuildPhase;
			buildActionMask = 2147483647;
			files = (
			);
			runOnlyForDeploymentPostprocessing = 0;
		};
/* End PBXFrameworksBuildPhase section */

/* Begin PBXGroup section */
		411BAD4329AF430E005FA121 = {
			isa = PBXGroup;
			children = (
				411BAD4E29AF430E005FA121 /* WantedPreOnboardingIOSChallenge */,
				411BAD4D29AF430E005FA121 /* Products */,
			);
			sourceTree = "<group>";
		};
		411BAD4D29AF430E005FA121 /* Products */ = {
			isa = PBXGroup;
			children = (
				411BAD4C29AF430E005FA121 /* WantedPreOnboardingIOSChallenge.app */,
			);
			name = Products;
			sourceTree = "<group>";
		};
		411BAD4E29AF430E005FA121 /* WantedPreOnboardingIOSChallenge */ = {
			isa = PBXGroup;
			children = (
				411BAD4F29AF430E005FA121 /* AppDelegate.swift */,
				411BAD5129AF430E005FA121 /* SceneDelegate.swift */,
				416A39E829AF6A2F00BA079A /* ViewModel */,
				416A39E729AF69B100BA079A /* View */,
				411BAD5529AF430E005FA121 /* Main.storyboard */,
				411BAD5829AF4311005FA121 /* Assets.xcassets */,
				411BAD5A29AF4311005FA121 /* LaunchScreen.storyboard */,
				411BAD5D29AF4311005FA121 /* Info.plist */,
			);
			path = WantedPreOnboardingIOSChallenge;
			sourceTree = "<group>";
		};
		416A39E729AF69B100BA079A /* View */ = {
			isa = PBXGroup;
			children = (
				411BAD5329AF430E005FA121 /* ViewController.swift */,
				416A39E529AF68C900BA079A /* ImageDownLoadStackView.swift */,
			);
			path = View;
			sourceTree = "<group>";
		};
		416A39E829AF6A2F00BA079A /* ViewModel */ = {
			isa = PBXGroup;
			children = (
				416A39E929AF6A3D00BA079A /* ViewModel.swift */,
			);
			path = ViewModel;
			sourceTree = "<group>";
		};
/* End PBXGroup section */

/* Begin PBXNativeTarget section */
		411BAD4B29AF430E005FA121 /* WantedPreOnboardingIOSChallenge */ = {
			isa = PBXNativeTarget;
			buildConfigurationList = 411BAD6029AF4311005FA121 /* Build configuration list for PBXNativeTarget "WantedPreOnboardingIOSChallenge" */;
			buildPhases = (
				411BAD4829AF430E005FA121 /* Sources */,
				411BAD4929AF430E005FA121 /* Frameworks */,
				411BAD4A29AF430E005FA121 /* Resources */,
			);
			buildRules = (
			);
			dependencies = (
			);
			name = WantedPreOnboardingIOSChallenge;
			productName = WantedPreOnboardingIOSChallenge;
			productReference = 411BAD4C29AF430E005FA121 /* WantedPreOnboardingIOSChallenge.app */;
			productType = "com.apple.product-type.application";
		};
/* End PBXNativeTarget section */

/* Begin PBXProject section */
		411BAD4429AF430E005FA121 /* Project object */ = {
			isa = PBXProject;
			attributes = {
				BuildIndependentTargetsInParallel = 1;
				LastSwiftUpdateCheck = 1420;
				LastUpgradeCheck = 1420;
				TargetAttributes = {
					411BAD4B29AF430E005FA121 = {
						CreatedOnToolsVersion = 14.2;
					};
				};
			};
			buildConfigurationList = 411BAD4729AF430E005FA121 /* Build configuration list for PBXProject "WantedPreOnboardingIOSChallenge" */;
			compatibilityVersion = "Xcode 14.0";
			developmentRegion = en;
			hasScannedForEncodings = 0;
			knownRegions = (
				en,
				Base,
			);
			mainGroup = 411BAD4329AF430E005FA121;
			productRefGroup = 411BAD4D29AF430E005FA121 /* Products */;
			projectDirPath = "";
			projectRoot = "";
			targets = (
				411BAD4B29AF430E005FA121 /* WantedPreOnboardingIOSChallenge */,
			);
		};
/* End PBXProject section */

/* Begin PBXResourcesBuildPhase section */
		411BAD4A29AF430E005FA121 /* Resources */ = {
			isa = PBXResourcesBuildPhase;
			buildActionMask = 2147483647;
			files = (
				411BAD5C29AF4311005FA121 /* LaunchScreen.storyboard in Resources */,
				411BAD5929AF4311005FA121 /* Assets.xcassets in Resources */,
				411BAD5729AF430E005FA121 /* Main.storyboard in Resources */,
			);
			runOnlyForDeploymentPostprocessing = 0;
		};
/* End PBXResourcesBuildPhase section */

/* Begin PBXSourcesBuildPhase section */
		411BAD4829AF430E005FA121 /* Sources */ = {
			isa = PBXSourcesBuildPhase;
			buildActionMask = 2147483647;
			files = (
				416A39EA29AF6A3D00BA079A /* ViewModel.swift in Sources */,
				416A39E629AF68C900BA079A /* ImageDownLoadStackView.swift in Sources */,
				411BAD5429AF430E005FA121 /* ViewController.swift in Sources */,
				411BAD5029AF430E005FA121 /* AppDelegate.swift in Sources */,
				411BAD5229AF430E005FA121 /* SceneDelegate.swift in Sources */,
			);
			runOnlyForDeploymentPostprocessing = 0;
		};
/* End PBXSourcesBuildPhase section */

/* Begin PBXVariantGroup section */
		411BAD5529AF430E005FA121 /* Main.storyboard */ = {
			isa = PBXVariantGroup;
			children = (
				411BAD5629AF430E005FA121 /* Base */,
			);
			name = Main.storyboard;
			sourceTree = "<group>";
		};
		411BAD5A29AF4311005FA121 /* LaunchScreen.storyboard */ = {
			isa = PBXVariantGroup;
			children = (
				411BAD5B29AF4311005FA121 /* Base */,
			);
			name = LaunchScreen.storyboard;
			sourceTree = "<group>";
		};
/* End PBXVariantGroup section */

/* Begin XCBuildConfiguration section */
		411BAD5E29AF4311005FA121 /* Debug */ = {
			isa = XCBuildConfiguration;
			buildSettings = {
				ALWAYS_SEARCH_USER_PATHS = NO;
				CLANG_ANALYZER_NONNULL = YES;
				CLANG_ANALYZER_NUMBER_OBJECT_CONVERSION = YES_AGGRESSIVE;
				CLANG_CXX_LANGUAGE_STANDARD = "gnu++20";
				CLANG_ENABLE_MODULES = YES;
				CLANG_ENABLE_OBJC_ARC = YES;
				CLANG_ENABLE_OBJC_WEAK = YES;
				CLANG_WARN_BLOCK_CAPTURE_AUTORELEASING = YES;
				CLANG_WARN_BOOL_CONVERSION = YES;
				CLANG_WARN_COMMA = YES;
				CLANG_WARN_CONSTANT_CONVERSION = YES;
				CLANG_WARN_DEPRECATED_OBJC_IMPLEMENTATIONS = YES;
				CLANG_WARN_DIRECT_OBJC_ISA_USAGE = YES_ERROR;
				CLANG_WARN_DOCUMENTATION_COMMENTS = YES;
				CLANG_WARN_EMPTY_BODY = YES;
				CLANG_WARN_ENUM_CONVERSION = YES;
				CLANG_WARN_INFINITE_RECURSION = YES;
				CLANG_WARN_INT_CONVERSION = YES;
				CLANG_WARN_NON_LITERAL_NULL_CONVERSION = YES;
				CLANG_WARN_OBJC_IMPLICIT_RETAIN_SELF = YES;
				CLANG_WARN_OBJC_LITERAL_CONVERSION = YES;
				CLANG_WARN_OBJC_ROOT_CLASS = YES_ERROR;
				CLANG_WARN_QUOTED_INCLUDE_IN_FRAMEWORK_HEADER = YES;
				CLANG_WARN_RANGE_LOOP_ANALYSIS = YES;
				CLANG_WARN_STRICT_PROTOTYPES = YES;
				CLANG_WARN_SUSPICIOUS_MOVE = YES;
				CLANG_WARN_UNGUARDED_AVAILABILITY = YES_AGGRESSIVE;
				CLANG_WARN_UNREACHABLE_CODE = YES;
				CLANG_WARN__DUPLICATE_METHOD_MATCH = YES;
				COPY_PHASE_STRIP = NO;
				DEBUG_INFORMATION_FORMAT = dwarf;
				ENABLE_STRICT_OBJC_MSGSEND = YES;
				ENABLE_TESTABILITY = YES;
				GCC_C_LANGUAGE_STANDARD = gnu11;
				GCC_DYNAMIC_NO_PIC = NO;
				GCC_NO_COMMON_BLOCKS = YES;
				GCC_OPTIMIZATION_LEVEL = 0;
				GCC_PREPROCESSOR_DEFINITIONS = (
					"DEBUG=1",
					"$(inherited)",
				);
				GCC_WARN_64_TO_32_BIT_CONVERSION = YES;
				GCC_WARN_ABOUT_RETURN_TYPE = YES_ERROR;
				GCC_WARN_UNDECLARED_SELECTOR = YES;
				GCC_WARN_UNINITIALIZED_AUTOS = YES_AGGRESSIVE;
				GCC_WARN_UNUSED_FUNCTION = YES;
				GCC_WARN_UNUSED_VARIABLE = YES;
				IPHONEOS_DEPLOYMENT_TARGET = 16.2;
				MTL_ENABLE_DEBUG_INFO = INCLUDE_SOURCE;
				MTL_FAST_MATH = YES;
				ONLY_ACTIVE_ARCH = YES;
				SDKROOT = iphoneos;
				SWIFT_ACTIVE_COMPILATION_CONDITIONS = DEBUG;
				SWIFT_OPTIMIZATION_LEVEL = "-Onone";
			};
			name = Debug;
		};
		411BAD5F29AF4311005FA121 /* Release */ = {
			isa = XCBuildConfiguration;
			buildSettings = {
				ALWAYS_SEARCH_USER_PATHS = NO;
				CLANG_ANALYZER_NONNULL = YES;
				CLANG_ANALYZER_NUMBER_OBJECT_CONVERSION = YES_AGGRESSIVE;
				CLANG_CXX_LANGUAGE_STANDARD = "gnu++20";
				CLANG_ENABLE_MODULES = YES;
				CLANG_ENABLE_OBJC_ARC = YES;
				CLANG_ENABLE_OBJC_WEAK = YES;
				CLANG_WARN_BLOCK_CAPTURE_AUTORELEASING = YES;
				CLANG_WARN_BOOL_CONVERSION = YES;
				CLANG_WARN_COMMA = YES;
				CLANG_WARN_CONSTANT_CONVERSION = YES;
				CLANG_WARN_DEPRECATED_OBJC_IMPLEMENTATIONS = YES;
				CLANG_WARN_DIRECT_OBJC_ISA_USAGE = YES_ERROR;
				CLANG_WARN_DOCUMENTATION_COMMENTS = YES;
				CLANG_WARN_EMPTY_BODY = YES;
				CLANG_WARN_ENUM_CONVERSION = YES;
				CLANG_WARN_INFINITE_RECURSION = YES;
				CLANG_WARN_INT_CONVERSION = YES;
				CLANG_WARN_NON_LITERAL_NULL_CONVERSION = YES;
				CLANG_WARN_OBJC_IMPLICIT_RETAIN_SELF = YES;
				CLANG_WARN_OBJC_LITERAL_CONVERSION = YES;
				CLANG_WARN_OBJC_ROOT_CLASS = YES_ERROR;
				CLANG_WARN_QUOTED_INCLUDE_IN_FRAMEWORK_HEADER = YES;
				CLANG_WARN_RANGE_LOOP_ANALYSIS = YES;
				CLANG_WARN_STRICT_PROTOTYPES = YES;
				CLANG_WARN_SUSPICIOUS_MOVE = YES;
				CLANG_WARN_UNGUARDED_AVAILABILITY = YES_AGGRESSIVE;
				CLANG_WARN_UNREACHABLE_CODE = YES;
				CLANG_WARN__DUPLICATE_METHOD_MATCH = YES;
				COPY_PHASE_STRIP = NO;
				DEBUG_INFORMATION_FORMAT = "dwarf-with-dsym";
				ENABLE_NS_ASSERTIONS = NO;
				ENABLE_STRICT_OBJC_MSGSEND = YES;
				GCC_C_LANGUAGE_STANDARD = gnu11;
				GCC_NO_COMMON_BLOCKS = YES;
				GCC_WARN_64_TO_32_BIT_CONVERSION = YES;
				GCC_WARN_ABOUT_RETURN_TYPE = YES_ERROR;
				GCC_WARN_UNDECLARED_SELECTOR = YES;
				GCC_WARN_UNINITIALIZED_AUTOS = YES_AGGRESSIVE;
				GCC_WARN_UNUSED_FUNCTION = YES;
				GCC_WARN_UNUSED_VARIABLE = YES;
				IPHONEOS_DEPLOYMENT_TARGET = 16.2;
				MTL_ENABLE_DEBUG_INFO = NO;
				MTL_FAST_MATH = YES;
				SDKROOT = iphoneos;
				SWIFT_COMPILATION_MODE = wholemodule;
				SWIFT_OPTIMIZATION_LEVEL = "-O";
				VALIDATE_PRODUCT = YES;
			};
			name = Release;
		};
		411BAD6129AF4311005FA121 /* Debug */ = {
			isa = XCBuildConfiguration;
			buildSettings = {
				ASSETCATALOG_COMPILER_APPICON_NAME = AppIcon;
				ASSETCATALOG_COMPILER_GLOBAL_ACCENT_COLOR_NAME = AccentColor;
				CODE_SIGN_STYLE = Automatic;
				CURRENT_PROJECT_VERSION = 1;
				DEVELOPMENT_TEAM = G9W4Z8U9JB;
				GENERATE_INFOPLIST_FILE = YES;
				INFOPLIST_FILE = WantedPreOnboardingIOSChallenge/Info.plist;
				INFOPLIST_KEY_UIApplicationSupportsIndirectInputEvents = YES;
				INFOPLIST_KEY_UILaunchStoryboardName = LaunchScreen;
				INFOPLIST_KEY_UIMainStoryboardFile = Main;
				INFOPLIST_KEY_UISupportedInterfaceOrientations_iPad = "UIInterfaceOrientationPortrait UIInterfaceOrientationPortraitUpsideDown UIInterfaceOrientationLandscapeLeft UIInterfaceOrientationLandscapeRight";
				INFOPLIST_KEY_UISupportedInterfaceOrientations_iPhone = "UIInterfaceOrientationPortrait UIInterfaceOrientationLandscapeLeft UIInterfaceOrientationLandscapeRight";
				LD_RUNPATH_SEARCH_PATHS = (
					"$(inherited)",
					"@executable_path/Frameworks",
				);
				MARKETING_VERSION = 1.0;
				PRODUCT_BUNDLE_IDENTIFIER = com.sunny.WantedPreOnboardingIOSChallenge;
				PRODUCT_NAME = "$(TARGET_NAME)";
				SWIFT_EMIT_LOC_STRINGS = YES;
				SWIFT_VERSION = 5.0;
				TARGETED_DEVICE_FAMILY = "1,2";
			};
			name = Debug;
		};
		411BAD6229AF4311005FA121 /* Release */ = {
			isa = XCBuildConfiguration;
			buildSettings = {
				ASSETCATALOG_COMPILER_APPICON_NAME = AppIcon;
				ASSETCATALOG_COMPILER_GLOBAL_ACCENT_COLOR_NAME = AccentColor;
				CODE_SIGN_STYLE = Automatic;
				CURRENT_PROJECT_VERSION = 1;
				DEVELOPMENT_TEAM = G9W4Z8U9JB;
				GENERATE_INFOPLIST_FILE = YES;
				INFOPLIST_FILE = WantedPreOnboardingIOSChallenge/Info.plist;
				INFOPLIST_KEY_UIApplicationSupportsIndirectInputEvents = YES;
				INFOPLIST_KEY_UILaunchStoryboardName = LaunchScreen;
				INFOPLIST_KEY_UIMainStoryboardFile = Main;
				INFOPLIST_KEY_UISupportedInterfaceOrientations_iPad = "UIInterfaceOrientationPortrait UIInterfaceOrientationPortraitUpsideDown UIInterfaceOrientationLandscapeLeft UIInterfaceOrientationLandscapeRight";
				INFOPLIST_KEY_UISupportedInterfaceOrientations_iPhone = "UIInterfaceOrientationPortrait UIInterfaceOrientationLandscapeLeft UIInterfaceOrientationLandscapeRight";
				LD_RUNPATH_SEARCH_PATHS = (
					"$(inherited)",
					"@executable_path/Frameworks",
				);
				MARKETING_VERSION = 1.0;
				PRODUCT_BUNDLE_IDENTIFIER = com.sunny.WantedPreOnboardingIOSChallenge;
				PRODUCT_NAME = "$(TARGET_NAME)";
				SWIFT_EMIT_LOC_STRINGS = YES;
				SWIFT_VERSION = 5.0;
				TARGETED_DEVICE_FAMILY = "1,2";
			};
			name = Release;
		};
/* End XCBuildConfiguration section */

/* Begin XCConfigurationList section */
		411BAD4729AF430E005FA121 /* Build configuration list for PBXProject "WantedPreOnboardingIOSChallenge" */ = {
			isa = XCConfigurationList;
			buildConfigurations = (
				411BAD5E29AF4311005FA121 /* Debug */,
				411BAD5F29AF4311005FA121 /* Release */,
			);
			defaultConfigurationIsVisible = 0;
			defaultConfigurationName = Release;
		};
		411BAD6029AF4311005FA121 /* Build configuration list for PBXNativeTarget "WantedPreOnboardingIOSChallenge" */ = {
			isa = XCConfigurationList;
			buildConfigurations = (
				411BAD6129AF4311005FA121 /* Debug */,
				411BAD6229AF4311005FA121 /* Release */,
			);
			defaultConfigurationIsVisible = 0;
			defaultConfigurationName = Release;
		};
/* End XCConfigurationList section */
	};
	rootObject = 411BAD4429AF430E005FA121 /* Project object */;
}
